
Microsoft Visual Studio Solution File, Format Version 11.00
# Visual Studio 2010
Project("{FAE04EC0-301F-11D3-BF4B-00C04F79EFBC}") = "MyFirstMvc", "MyFirstMvc\MyFirstMvc.csproj", "{C94CAB03-0801-4A02-B85B-EE809E36C2B6}"
EndProject
Global
	GlobalSection(SolutionConfigurationPlatforms) = preSolution
		Debug|Any CPU = Debug|Any CPU
		Release|Any CPU = Release|Any CPU
	EndGlobalSection
	GlobalSection(ProjectConfigurationPlatforms) = postSolution
		{C94CAB03-0801-4A02-B85B-EE809E36C2B6}.Debug|Any CPU.ActiveCfg = Debug|Any CPU
		{C94CAB03-0801-4A02-B85B-EE809E36C2B6}.Debug|Any CPU.Build.0 = Debug|Any CPU
		{C94CAB03-0801-4A02-B85B-EE809E36C2B6}.Release|Any CPU.ActiveCfg = Release|Any CPU
		{C94CAB03-0801-4A02-B85B-EE809E36C2B6}.Release|Any CPU.Build.0 = Release|Any CPU
	EndGlobalSection
	GlobalSection(SolutionProperties) = preSolution
		HideSolutionNode = FALSE
	EndGlobalSection
EndGlobal
